
Microsoft Visual Studio Solution File, Format Version 12.00
# Visual Studio 2013
VisualStudioVersion = 12.0.31101.0
MinimumVisualStudioVersion = 10.0.40219.1
Project("{FAE04EC0-301F-11D3-BF4B-00C04F79EFBC}") = "Storage.Interfaces", "Storage.Interfaces\Storage.Interfaces.csproj", "{ED849F47-4851-494A-BA32-B105C4E2809D}"
EndProject
Project("{FAE04EC0-301F-11D3-BF4B-00C04F79EFBC}") = "FileStorage", "FileStorage\FileStorage.csproj", "{6583FED2-3E2C-4046-9DB6-24DF55AF9336}"
EndProject
Project("{FAE04EC0-301F-11D3-BF4B-00C04F79EFBC}") = "FileStorage.Tests", "FileStorage.Tests\FileStorage.Tests.csproj", "{C30E9BE5-9320-415D-9FE3-F926D85FED60}"
EndProject
Project("{2150E333-8FDC-42A3-9474-1A3956D46DE8}") = ".nuget", ".nuget", "{02C52DF8-7F73-4C79-901B-D4E2D9697466}"
	ProjectSection(SolutionItems) = preProject
		.nuget\NuGet.Config = .nuget\NuGet.Config
		.nuget\NuGet.exe = .nuget\NuGet.exe
		.nuget\NuGet.targets = .nuget\NuGet.targets
	EndProjectSection
EndProject
Project("{FAE04EC0-301F-11D3-BF4B-00C04F79EFBC}") = "FileStorageTestConsoleApp", "FileStorageTestConsoleApp\FileStorageTestConsoleApp.csproj", "{C8C0D638-F943-44AE-A07F-84EE4823B1EA}"
EndProject
Global
	GlobalSection(SolutionConfigurationPlatforms) = preSolution
		Debug|Any CPU = Debug|Any CPU
		Release|Any CPU = Release|Any CPU
	EndGlobalSection
	GlobalSection(ProjectConfigurationPlatforms) = postSolution
		{ED849F47-4851-494A-BA32-B105C4E2809D}.Debug|Any CPU.ActiveCfg = Debug|Any CPU
		{ED849F47-4851-494A-BA32-B105C4E2809D}.Debug|Any CPU.Build.0 = Debug|Any CPU
		{ED849F47-4851-494A-BA32-B105C4E2809D}.Release|Any CPU.ActiveCfg = Release|Any CPU
		{ED849F47-4851-494A-BA32-B105C4E2809D}.Release|Any CPU.Build.0 = Release|Any CPU
		{6583FED2-3E2C-4046-9DB6-24DF55AF9336}.Debug|Any CPU.ActiveCfg = Debug|Any CPU
		{6583FED2-3E2C-4046-9DB6-24DF55AF9336}.Debug|Any CPU.Build.0 = Debug|Any CPU
		{6583FED2-3E2C-4046-9DB6-24DF55AF9336}.Release|Any CPU.ActiveCfg = Release|Any CPU
		{6583FED2-3E2C-4046-9DB6-24DF55AF9336}.Release|Any CPU.Build.0 = Release|Any CPU
		{C30E9BE5-9320-415D-9FE3-F926D85FED60}.Debug|Any CPU.ActiveCfg = Debug|Any CPU
		{C30E9BE5-9320-415D-9FE3-F926D85FED60}.Debug|Any CPU.Build.0 = Debug|Any CPU
		{C30E9BE5-9320-415D-9FE3-F926D85FED60}.Release|Any CPU.ActiveCfg = Release|Any CPU
		{C30E9BE5-9320-415D-9FE3-F926D85FED60}.Release|Any CPU.Build.0 = Release|Any CPU
		{C8C0D638-F943-44AE-A07F-84EE4823B1EA}.Debug|Any CPU.ActiveCfg = Debug|Any CPU
		{C8C0D638-F943-44AE-A07F-84EE4823B1EA}.Debug|Any CPU.Build.0 = Debug|Any CPU
		{C8C0D638-F943-44AE-A07F-84EE4823B1EA}.Release|Any CPU.ActiveCfg = Release|Any CPU
		{C8C0D638-F943-44AE-A07F-84EE4823B1EA}.Release|Any CPU.Build.0 = Release|Any CPU
	EndGlobalSection
	GlobalSection(SolutionProperties) = preSolution
		HideSolutionNode = FALSE
	EndGlobalSection
EndGlobal
